<?xml version="1.0" encoding="utf-8"?>
<Project ToolsVersion="4.0" xmlns="http://schemas.microsoft.com/developer/msbuild/2003">
  <ItemGroup>
    <Filter Include="소스 파일">
      <UniqueIdentifier>{4FC737F1-C7A5-4376-A066-2A32D752A2FF}</UniqueIdentifier>
      <Extensions>cpp;c;cc;cxx;c++;cppm;ixx;def;odl;idl;hpj;bat;asm;asmx</Extensions>
    </Filter>
    <Filter Include="헤더 파일">
      <UniqueIdentifier>{93995380-89BD-4b04-88EB-625FBE52EBFB}</UniqueIdentifier>
      <Extensions>h;hh;hpp;hxx;h++;hm;inl;inc;ipp;xsd</Extensions>
    </Filter>
    <Filter Include="리소스 파일">
      <UniqueIdentifier>{67DA6AB6-F800-4c08-8B7A-83BB121AAD01}</UniqueIdentifier>
      <Extensions>rc;ico;cur;bmp;dlg;rc2;rct;bin;rgs;gif;jpg;jpeg;jpe;resx;tiff;tif;png;wav;mfcribbon-ms</Extensions>
    </Filter>
    <Filter Include="소스 파일\ImageService">
      <UniqueIdentifier>{5f94f7b5-9b29-4fb1-b0cc-92cfd5b3a3df}</UniqueIdentifier>
    </Filter>
    <Filter Include="헤더 파일\ImageService">
      <UniqueIdentifier>{24fd7b0b-e1a8-46d6-a584-1c1841b9be97}</UniqueIdentifier>
    </Filter>
    <Filter Include="소스 파일\EventService">
      <UniqueIdentifier>{e5b8ba5c-8d02-4acf-a3ff-a3a9e11c4f6d}</UniqueIdentifier>
    </Filter>
    <Filter Include="헤더 파일\EventService">
      <UniqueIdentifier>{fad3831f-605e-4544-8d33-6135d8bfbec9}</UniqueIdentifier>
    </Filter>
  </ItemGroup>
  <ItemGroup>
    <ClCompile Include="OpenCV_Sample_01.cpp">
      <Filter>소스 파일</Filter>
    </ClCompile>
    <ClCompile Include="ImageService\ImageService.cpp">
      <Filter>소스 파일\ImageService</Filter>
    </ClCompile>
    <ClCompile Include="EventService\EventService.cpp">
      <Filter>소스 파일\EventService</Filter>
    </ClCompile>
  </ItemGroup>
  <ItemGroup>
    <ClInclude Include="ImageService\ImageType.h">
      <Filter>헤더 파일\ImageService</Filter>
    </ClInclude>
    <ClInclude Include="ImageService\ImageService.h">
      <Filter>헤더 파일\ImageService</Filter>
    </ClInclude>
    <ClInclude Include="EventService\EventService.h">
      <Filter>헤더 파일\EventService</Filter>
    </ClInclude>
  </ItemGroup>
</Project>